<?xml version="1.0" encoding="utf-8"?>
<Project ToolsVersion="4.0" xmlns="http://schemas.microsoft.com/developer/msbuild/2003">
  <ItemGroup>
    <Filter Include="Rendering">
      <UniqueIdentifier>{e9a9db65-6b1f-4443-8eb1-e9a69bdbf996}</UniqueIdentifier>
    </Filter>
    <Filter Include="Memory">
      <UniqueIdentifier>{bf6de01f-656f-49c3-b21c-274de70ba2f6}</UniqueIdentifier>
    </Filter>
    <Filter Include="Display">
      <UniqueIdentifier>{495c0684-ac3d-4983-9917-0b9d4dfb0438}</UniqueIdentifier>
    </Filter>
  </ItemGroup>
  <ItemGroup>
    <ClInclude Include="RenderingUtil.h">
      <Filter>Rendering</Filter>
    </ClInclude>
    <ClInclude Include="MemoryAllocator.h">
      <Filter>Memory</Filter>
    </ClInclude>
    <ClInclude Include="GLFWWindow.h">
      <Filter>Display</Filter>
    </ClInclude>
    <ClInclude Include="Window.h">
      <Filter>Display</Filter>
    </ClInclude>
    <ClInclude Include="Display.h">
      <Filter>Display</Filter>
    </ClInclude>
    <ClInclude Include="ICommandBuffer.h">
      <Filter>Rendering</Filter>
    </ClInclude>
    <ClInclude Include="IPhysicalGraphicsDevice.h">
      <Filter>Rendering</Filter>
    </ClInclude>
    <ClInclude Include="ILogicalGraphicsDevice.h">
      <Filter>Rendering</Filter>
    </ClInclude>
  </ItemGroup>
  <ItemGroup>
    <ClCompile Include="Main.cpp" />
    <ClCompile Include="GLFWWindow.cpp">
      <Filter>Display</Filter>
    </ClCompile>
  </ItemGroup>
</Project>